// !$*UTF8*$!
{
	archiveVersion = 1;
	classes = {
	};
	objectVersion = 50;
	objects = {

/* Begin PBXBuildFile section */
		666DBF47240B7EB200884A37 /* Core.h in Headers */ = {isa = PBXBuildFile; fileRef = 666DBF45240B7EB200884A37 /* Core.h */; settings = {ATTRIBUTES = (Public, ); }; };
		666DBF4A240B7EB200884A37 /* Core.framework in Frameworks */ = {isa = PBXBuildFile; fileRef = 666DBF43240B7EB200884A37 /* Core.framework */; };
		666DBF4B240B7EB200884A37 /* Core.framework in Embed Frameworks */ = {isa = PBXBuildFile; fileRef = 666DBF43240B7EB200884A37 /* Core.framework */; settings = {ATTRIBUTES = (CodeSignOnCopy, RemoveHeadersOnCopy, ); }; };
		666DBF56240B7EDE00884A37 /* url.swift in Sources */ = {isa = PBXBuildFile; fileRef = 666DBF51240B7EDE00884A37 /* url.swift */; };
		666DBF57240B7EDE00884A37 /* environment.swift in Sources */ = {isa = PBXBuildFile; fileRef = 666DBF52240B7EDE00884A37 /* environment.swift */; };
		666DBF58240B7EDE00884A37 /* output.swift in Sources */ = {isa = PBXBuildFile; fileRef = 666DBF53240B7EDE00884A37 /* output.swift */; };
		666DBF59240B7EDE00884A37 /* input.swift in Sources */ = {isa = PBXBuildFile; fileRef = 666DBF54240B7EDE00884A37 /* input.swift */; };
		668F59EA240ADDDE001863FB /* AppDelegate.swift in Sources */ = {isa = PBXBuildFile; fileRef = 668F59E9240ADDDE001863FB /* AppDelegate.swift */; };
		668F59EC240ADDDE001863FB /* SceneDelegate.swift in Sources */ = {isa = PBXBuildFile; fileRef = 668F59EB240ADDDE001863FB /* SceneDelegate.swift */; };
		668F59EE240ADDDE001863FB /* ContentView.swift in Sources */ = {isa = PBXBuildFile; fileRef = 668F59ED240ADDDE001863FB /* ContentView.swift */; };
		668F59F0240ADDE1001863FB /* Assets.xcassets in Resources */ = {isa = PBXBuildFile; fileRef = 668F59EF240ADDE1001863FB /* Assets.xcassets */; };
		668F59F3240ADDE1001863FB /* Preview Assets.xcassets in Resources */ = {isa = PBXBuildFile; fileRef = 668F59F2240ADDE1001863FB /* Preview Assets.xcassets */; };
		668F59F6240ADDE1001863FB /* LaunchScreen.storyboard in Resources */ = {isa = PBXBuildFile; fileRef = 668F59F4240ADDE1001863FB /* LaunchScreen.storyboard */; };
/* End PBXBuildFile section */

/* Begin PBXContainerItemProxy section */
		666DBF48240B7EB200884A37 /* PBXContainerItemProxy */ = {
			isa = PBXContainerItemProxy;
			containerPortal = 668F59DE240ADDDE001863FB /* Project object */;
			proxyType = 1;
			remoteGlobalIDString = 666DBF42240B7EB200884A37;
			remoteInfo = Core;
		};
/* End PBXContainerItemProxy section */

/* Begin PBXCopyFilesBuildPhase section */
		666DBF4C240B7EB200884A37 /* Embed Frameworks */ = {
			isa = PBXCopyFilesBuildPhase;
			buildActionMask = 2147483647;
			dstPath = "";
			dstSubfolderSpec = 10;
			files = (
				666DBF4B240B7EB200884A37 /* Core.framework in Embed Frameworks */,
			);
			name = "Embed Frameworks";
			runOnlyForDeploymentPostprocessing = 0;
		};
/* End PBXCopyFilesBuildPhase section */

/* Begin PBXFileReference section */
		666DBF43240B7EB200884A37 /* Core.framework */ = {isa = PBXFileReference; explicitFileType = wrapper.framework; includeInIndex = 0; path = Core.framework; sourceTree = BUILT_PRODUCTS_DIR; };
		666DBF45240B7EB200884A37 /* Core.h */ = {isa = PBXFileReference; lastKnownFileType = sourcecode.c.h; path = Core.h; sourceTree = "<group>"; };
		666DBF46240B7EB200884A37 /* Info.plist */ = {isa = PBXFileReference; lastKnownFileType = text.plist.xml; path = Info.plist; sourceTree = "<group>"; };
		666DBF51240B7EDE00884A37 /* url.swift */ = {isa = PBXFileReference; lastKnownFileType = sourcecode.swift; path = url.swift; sourceTree = "<group>"; };
		666DBF52240B7EDE00884A37 /* environment.swift */ = {isa = PBXFileReference; lastKnownFileType = sourcecode.swift; path = environment.swift; sourceTree = "<group>"; };
		666DBF53240B7EDE00884A37 /* output.swift */ = {isa = PBXFileReference; lastKnownFileType = sourcecode.swift; path = output.swift; sourceTree = "<group>"; };
		666DBF54240B7EDE00884A37 /* input.swift */ = {isa = PBXFileReference; lastKnownFileType = sourcecode.swift; path = input.swift; sourceTree = "<group>"; };
		668F59E6240ADDDE001863FB /* ConfigDemo.app */ = {isa = PBXFileReference; explicitFileType = wrapper.application; includeInIndex = 0; path = ConfigDemo.app; sourceTree = BUILT_PRODUCTS_DIR; };
		668F59E9240ADDDE001863FB /* AppDelegate.swift */ = {isa = PBXFileReference; lastKnownFileType = sourcecode.swift; path = AppDelegate.swift; sourceTree = "<group>"; };
		668F59EB240ADDDE001863FB /* SceneDelegate.swift */ = {isa = PBXFileReference; lastKnownFileType = sourcecode.swift; path = SceneDelegate.swift; sourceTree = "<group>"; };
		668F59ED240ADDDE001863FB /* ContentView.swift */ = {isa = PBXFileReference; lastKnownFileType = sourcecode.swift; path = ContentView.swift; sourceTree = "<group>"; };
		668F59EF240ADDE1001863FB /* Assets.xcassets */ = {isa = PBXFileReference; lastKnownFileType = folder.assetcatalog; path = Assets.xcassets; sourceTree = "<group>"; };
		668F59F2240ADDE1001863FB /* Preview Assets.xcassets */ = {isa = PBXFileReference; lastKnownFileType = folder.assetcatalog; path = "Preview Assets.xcassets"; sourceTree = "<group>"; };
		668F59F5240ADDE1001863FB /* Base */ = {isa = PBXFileReference; lastKnownFileType = file.storyboard; name = Base; path = Base.lproj/LaunchScreen.storyboard; sourceTree = "<group>"; };
		668F59F7240ADDE1001863FB /* Info.plist */ = {isa = PBXFileReference; lastKnownFileType = text.plist.xml; path = Info.plist; sourceTree = "<group>"; };
/* End PBXFileReference section */

/* Begin PBXFrameworksBuildPhase section */
		666DBF40240B7EB200884A37 /* Frameworks */ = {
			isa = PBXFrameworksBuildPhase;
			buildActionMask = 2147483647;
			files = (
			);
			runOnlyForDeploymentPostprocessing = 0;
		};
		668F59E3240ADDDE001863FB /* Frameworks */ = {
			isa = PBXFrameworksBuildPhase;
			buildActionMask = 2147483647;
			files = (
				666DBF4A240B7EB200884A37 /* Core.framework in Frameworks */,
			);
			runOnlyForDeploymentPostprocessing = 0;
		};
/* End PBXFrameworksBuildPhase section */

/* Begin PBXGroup section */
		666DBF44240B7EB200884A37 /* Core */ = {
			isa = PBXGroup;
			children = (
				666DBF52240B7EDE00884A37 /* environment.swift */,
				666DBF54240B7EDE00884A37 /* input.swift */,
				666DBF53240B7EDE00884A37 /* output.swift */,
				666DBF51240B7EDE00884A37 /* url.swift */,
				666DBF45240B7EB200884A37 /* Core.h */,
				666DBF46240B7EB200884A37 /* Info.plist */,
			);
			path = Core;
			sourceTree = "<group>";
		};
		668F59DD240ADDDE001863FB = {
			isa = PBXGroup;
			children = (
				668F59E8240ADDDE001863FB /* ConfigDemo */,
				666DBF44240B7EB200884A37 /* Core */,
				668F59E7240ADDDE001863FB /* Products */,
			);
			sourceTree = "<group>";
		};
		668F59E7240ADDDE001863FB /* Products */ = {
			isa = PBXGroup;
			children = (
				668F59E6240ADDDE001863FB /* ConfigDemo.app */,
				666DBF43240B7EB200884A37 /* Core.framework */,
			);
			name = Products;
			sourceTree = "<group>";
		};
		668F59E8240ADDDE001863FB /* ConfigDemo */ = {
			isa = PBXGroup;
			children = (
				668F59E9240ADDDE001863FB /* AppDelegate.swift */,
				668F59EB240ADDDE001863FB /* SceneDelegate.swift */,
				668F59ED240ADDDE001863FB /* ContentView.swift */,
				668F59EF240ADDE1001863FB /* Assets.xcassets */,
				668F59F4240ADDE1001863FB /* LaunchScreen.storyboard */,
				668F59F7240ADDE1001863FB /* Info.plist */,
				668F59F1240ADDE1001863FB /* Preview Content */,
			);
			path = ConfigDemo;
			sourceTree = "<group>";
		};
		668F59F1240ADDE1001863FB /* Preview Content */ = {
			isa = PBXGroup;
			children = (
				668F59F2240ADDE1001863FB /* Preview Assets.xcassets */,
			);
			path = "Preview Content";
			sourceTree = "<group>";
		};
/* End PBXGroup section */

/* Begin PBXHeadersBuildPhase section */
		666DBF3E240B7EB200884A37 /* Headers */ = {
			isa = PBXHeadersBuildPhase;
			buildActionMask = 2147483647;
			files = (
				666DBF47240B7EB200884A37 /* Core.h in Headers */,
			);
			runOnlyForDeploymentPostprocessing = 0;
		};
/* End PBXHeadersBuildPhase section */

/* Begin PBXNativeTarget section */
		666DBF42240B7EB200884A37 /* Core */ = {
			isa = PBXNativeTarget;
			buildConfigurationList = 666DBF4F240B7EB200884A37 /* Build configuration list for PBXNativeTarget "Core" */;
			buildPhases = (
				666DBF3E240B7EB200884A37 /* Headers */,
				666DBF3F240B7EB200884A37 /* Sources */,
				666DBF40240B7EB200884A37 /* Frameworks */,
				666DBF41240B7EB200884A37 /* Resources */,
			);
			buildRules = (
			);
			dependencies = (
			);
			name = Core;
			productName = Core;
			productReference = 666DBF43240B7EB200884A37 /* Core.framework */;
			productType = "com.apple.product-type.framework";
		};
		668F59E5240ADDDE001863FB /* ConfigDemo */ = {
			isa = PBXNativeTarget;
			buildConfigurationList = 668F59FA240ADDE1001863FB /* Build configuration list for PBXNativeTarget "ConfigDemo" */;
			buildPhases = (
				668F59E2240ADDDE001863FB /* Sources */,
				668F59E3240ADDDE001863FB /* Frameworks */,
				668F59E4240ADDDE001863FB /* Resources */,
				666DBF4C240B7EB200884A37 /* Embed Frameworks */,
			);
			buildRules = (
			);
			dependencies = (
				666DBF49240B7EB200884A37 /* PBXTargetDependency */,
			);
			name = ConfigDemo;
			productName = ConfigDemo;
			productReference = 668F59E6240ADDDE001863FB /* ConfigDemo.app */;
			productType = "com.apple.product-type.application";
		};
/* End PBXNativeTarget section */

/* Begin PBXProject section */
		668F59DE240ADDDE001863FB /* Project object */ = {
			isa = PBXProject;
			attributes = {
				LastSwiftUpdateCheck = 1130;
				LastUpgradeCheck = 1130;
				ORGANIZATIONNAME = Forsarion;
				TargetAttributes = {
					666DBF42240B7EB200884A37 = {
						CreatedOnToolsVersion = 11.3.1;
					};
					668F59E5240ADDDE001863FB = {
						CreatedOnToolsVersion = 11.3.1;
					};
				};
			};
			buildConfigurationList = 668F59E1240ADDDE001863FB /* Build configuration list for PBXProject "ConfigDemo" */;
			compatibilityVersion = "Xcode 9.3";
			developmentRegion = en;
			hasScannedForEncodings = 0;
			knownRegions = (
				en,
				Base,
			);
			mainGroup = 668F59DD240ADDDE001863FB;
			productRefGroup = 668F59E7240ADDDE001863FB /* Products */;
			projectDirPath = "";
			projectRoot = "";
			targets = (
				668F59E5240ADDDE001863FB /* ConfigDemo */,
				666DBF42240B7EB200884A37 /* Core */,
			);
		};
/* End PBXProject section */

/* Begin PBXResourcesBuildPhase section */
		666DBF41240B7EB200884A37 /* Resources */ = {
			isa = PBXResourcesBuildPhase;
			buildActionMask = 2147483647;
			files = (
			);
			runOnlyForDeploymentPostprocessing = 0;
		};
		668F59E4240ADDDE001863FB /* Resources */ = {
			isa = PBXResourcesBuildPhase;
			buildActionMask = 2147483647;
			files = (
				668F59F6240ADDE1001863FB /* LaunchScreen.storyboard in Resources */,
				668F59F3240ADDE1001863FB /* Preview Assets.xcassets in Resources */,
				668F59F0240ADDE1001863FB /* Assets.xcassets in Resources */,
			);
			runOnlyForDeploymentPostprocessing = 0;
		};
/* End PBXResourcesBuildPhase section */

/* Begin PBXSourcesBuildPhase section */
		666DBF3F240B7EB200884A37 /* Sources */ = {
			isa = PBXSourcesBuildPhase;
			buildActionMask = 2147483647;
			files = (
				666DBF56240B7EDE00884A37 /* url.swift in Sources */,
				666DBF57240B7EDE00884A37 /* environment.swift in Sources */,
				666DBF58240B7EDE00884A37 /* output.swift in Sources */,
				666DBF59240B7EDE00884A37 /* input.swift in Sources */,
			);
			runOnlyForDeploymentPostprocessing = 0;
		};
		668F59E2240ADDDE001863FB /* Sources */ = {
			isa = PBXSourcesBuildPhase;
			buildActionMask = 2147483647;
			files = (
				668F59EA240ADDDE001863FB /* AppDelegate.swift in Sources */,
				668F59EC240ADDDE001863FB /* SceneDelegate.swift in Sources */,
				668F59EE240ADDDE001863FB /* ContentView.swift in Sources */,
			);
			runOnlyForDeploymentPostprocessing = 0;
		};
/* End PBXSourcesBuildPhase section */

/* Begin PBXTargetDependency section */
		666DBF49240B7EB200884A37 /* PBXTargetDependency */ = {
			isa = PBXTargetDependency;
			target = 666DBF42240B7EB200884A37 /* Core */;
			targetProxy = 666DBF48240B7EB200884A37 /* PBXContainerItemProxy */;
		};
/* End PBXTargetDependency section */

/* Begin PBXVariantGroup section */
		668F59F4240ADDE1001863FB /* LaunchScreen.storyboard */ = {
			isa = PBXVariantGroup;
			children = (
				668F59F5240ADDE1001863FB /* Base */,
			);
			name = LaunchScreen.storyboard;
			sourceTree = "<group>";
		};
/* End PBXVariantGroup section */

/* Begin XCBuildConfiguration section */
		666DBF4D240B7EB200884A37 /* Debug */ = {
			isa = XCBuildConfiguration;
			buildSettings = {
				CODE_SIGN_STYLE = Automatic;
				CURRENT_PROJECT_VERSION = 1;
				DEFINES_MODULE = YES;
				DEVELOPMENT_TEAM = 9ULVT4X4FQ;
				DYLIB_COMPATIBILITY_VERSION = 1;
				DYLIB_CURRENT_VERSION = 1;
				DYLIB_INSTALL_NAME_BASE = "@rpath";
				INFOPLIST_FILE = Core/Info.plist;
				INSTALL_PATH = "$(LOCAL_LIBRARY_DIR)/Frameworks";
				LD_RUNPATH_SEARCH_PATHS = (
					"$(inherited)",
					"@executable_path/Frameworks",
					"@loader_path/Frameworks",
				);
				PRODUCT_BUNDLE_IDENTIFIER = com.forsarion.Core;
				PRODUCT_NAME = "$(TARGET_NAME:c99extidentifier)";
				SKIP_INSTALL = YES;
				SWIFT_VERSION = 5.0;
				TARGETED_DEVICE_FAMILY = "1,2";
				VERSIONING_SYSTEM = "apple-generic";
				VERSION_INFO_PREFIX = "";
			};
			name = Debug;
		};
		666DBF4E240B7EB200884A37 /* Release */ = {
			isa = XCBuildConfiguration;
			buildSettings = {
				CODE_SIGN_STYLE = Automatic;
				CURRENT_PROJECT_VERSION = 1;
				DEFINES_MODULE = YES;
				DEVELOPMENT_TEAM = 9ULVT4X4FQ;
				DYLIB_COMPATIBILITY_VERSION = 1;
				DYLIB_CURRENT_VERSION = 1;
				DYLIB_INSTALL_NAME_BASE = "@rpath";
				INFOPLIST_FILE = Core/Info.plist;
				INSTALL_PATH = "$(LOCAL_LIBRARY_DIR)/Frameworks";
				LD_RUNPATH_SEARCH_PATHS = (
					"$(inherited)",
					"@executable_path/Frameworks",
					"@loader_path/Frameworks",
				);
				PRODUCT_BUNDLE_IDENTIFIER = com.forsarion.Core;
				PRODUCT_NAME = "$(TARGET_NAME:c99extidentifier)";
				SKIP_INSTALL = YES;
				SWIFT_VERSION = 5.0;
				TARGETED_DEVICE_FAMILY = "1,2";
				VERSIONING_SYSTEM = "apple-generic";
				VERSION_INFO_PREFIX = "";
			};
			name = Release;
		};
		668F59F8240ADDE1001863FB /* Debug */ = {
			isa = XCBuildConfiguration;
			buildSettings = {
				ALWAYS_SEARCH_USER_PATHS = NO;
				CLANG_ANALYZER_NONNULL = YES;
				CLANG_ANALYZER_NUMBER_OBJECT_CONVERSION = YES_AGGRESSIVE;
				CLANG_CXX_LANGUAGE_STANDARD = "gnu++14";
				CLANG_CXX_LIBRARY = "libc++";
				CLANG_ENABLE_MODULES = YES;
				CLANG_ENABLE_OBJC_ARC = YES;
				CLANG_ENABLE_OBJC_WEAK = YES;
				CLANG_WARN_BLOCK_CAPTURE_AUTORELEASING = YES;
				CLANG_WARN_BOOL_CONVERSION = YES;
				CLANG_WARN_COMMA = YES;
				CLANG_WARN_CONSTANT_CONVERSION = YES;
				CLANG_WARN_DEPRECATED_OBJC_IMPLEMENTATIONS = YES;
				CLANG_WARN_DIRECT_OBJC_ISA_USAGE = YES_ERROR;
				CLANG_WARN_DOCUMENTATION_COMMENTS = YES;
				CLANG_WARN_EMPTY_BODY = YES;
				CLANG_WARN_ENUM_CONVERSION = YES;
				CLANG_WARN_INFINITE_RECURSION = YES;
				CLANG_WARN_INT_CONVERSION = YES;
				CLANG_WARN_NON_LITERAL_NULL_CONVERSION = YES;
				CLANG_WARN_OBJC_IMPLICIT_RETAIN_SELF = YES;
				CLANG_WARN_OBJC_LITERAL_CONVERSION = YES;
				CLANG_WARN_OBJC_ROOT_CLASS = YES_ERROR;
				CLANG_WARN_RANGE_LOOP_ANALYSIS = YES;
				CLANG_WARN_STRICT_PROTOTYPES = YES;
				CLANG_WARN_SUSPICIOUS_MOVE = YES;
				CLANG_WARN_UNGUARDED_AVAILABILITY = YES_AGGRESSIVE;
				CLANG_WARN_UNREACHABLE_CODE = YES;
				CLANG_WARN__DUPLICATE_METHOD_MATCH = YES;
				COPY_PHASE_STRIP = NO;
				DEBUG_INFORMATION_FORMAT = dwarf;
				ENABLE_STRICT_OBJC_MSGSEND = YES;
				ENABLE_TESTABILITY = YES;
				GCC_C_LANGUAGE_STANDARD = gnu11;
				GCC_DYNAMIC_NO_PIC = NO;
				GCC_NO_COMMON_BLOCKS = YES;
				GCC_OPTIMIZATION_LEVEL = 0;
				GCC_PREPROCESSOR_DEFINITIONS = (
					"DEBUG=1",
					"$(inherited)",
				);
				GCC_WARN_64_TO_32_BIT_CONVERSION = YES;
				GCC_WARN_ABOUT_RETURN_TYPE = YES_ERROR;
				GCC_WARN_UNDECLARED_SELECTOR = YES;
				GCC_WARN_UNINITIALIZED_AUTOS = YES_AGGRESSIVE;
				GCC_WARN_UNUSED_FUNCTION = YES;
				GCC_WARN_UNUSED_VARIABLE = YES;
				IPHONEOS_DEPLOYMENT_TARGET = 13.2;
				MTL_ENABLE_DEBUG_INFO = INCLUDE_SOURCE;
				MTL_FAST_MATH = YES;
				ONLY_ACTIVE_ARCH = YES;
				SDKROOT = iphoneos;
				SWIFT_ACTIVE_COMPILATION_CONDITIONS = DEBUG;
				SWIFT_OPTIMIZATION_LEVEL = "-Onone";
			};
			name = Debug;
		};
		668F59F9240ADDE1001863FB /* Release */ = {
			isa = XCBuildConfiguration;
			buildSettings = {
				ALWAYS_SEARCH_USER_PATHS = NO;
				CLANG_ANALYZER_NONNULL = YES;
				CLANG_ANALYZER_NUMBER_OBJECT_CONVERSION = YES_AGGRESSIVE;
				CLANG_CXX_LANGUAGE_STANDARD = "gnu++14";
				CLANG_CXX_LIBRARY = "libc++";
				CLANG_ENABLE_MODULES = YES;
				CLANG_ENABLE_OBJC_ARC = YES;
				CLANG_ENABLE_OBJC_WEAK = YES;
				CLANG_WARN_BLOCK_CAPTURE_AUTORELEASING = YES;
				CLANG_WARN_BOOL_CONVERSION = YES;
				CLANG_WARN_COMMA = YES;
				CLANG_WARN_CONSTANT_CONVERSION = YES;
				CLANG_WARN_DEPRECATED_OBJC_IMPLEMENTATIONS = YES;
				CLANG_WARN_DIRECT_OBJC_ISA_USAGE = YES_ERROR;
				CLANG_WARN_DOCUMENTATION_COMMENTS = YES;
				CLANG_WARN_EMPTY_BODY = YES;
				CLANG_WARN_ENUM_CONVERSION = YES;
				CLANG_WARN_INFINITE_RECURSION = YES;
				CLANG_WARN_INT_CONVERSION = YES;
				CLANG_WARN_NON_LITERAL_NULL_CONVERSION = YES;
				CLANG_WARN_OBJC_IMPLICIT_RETAIN_SELF = YES;
				CLANG_WARN_OBJC_LITERAL_CONVERSION = YES;
				CLANG_WARN_OBJC_ROOT_CLASS = YES_ERROR;
				CLANG_WARN_RANGE_LOOP_ANALYSIS = YES;
				CLANG_WARN_STRICT_PROTOTYPES = YES;
				CLANG_WARN_SUSPICIOUS_MOVE = YES;
				CLANG_WARN_UNGUARDED_AVAILABILITY = YES_AGGRESSIVE;
				CLANG_WARN_UNREACHABLE_CODE = YES;
				CLANG_WARN__DUPLICATE_METHOD_MATCH = YES;
				COPY_PHASE_STRIP = NO;
				DEBUG_INFORMATION_FORMAT = "dwarf-with-dsym";
				ENABLE_NS_ASSERTIONS = NO;
				ENABLE_STRICT_OBJC_MSGSEND = YES;
				GCC_C_LANGUAGE_STANDARD = gnu11;
				GCC_NO_COMMON_BLOCKS = YES;
				GCC_WARN_64_TO_32_BIT_CONVERSION = YES;
				GCC_WARN_ABOUT_RETURN_TYPE = YES_ERROR;
				GCC_WARN_UNDECLARED_SELECTOR = YES;
				GCC_WARN_UNINITIALIZED_AUTOS = YES_AGGRESSIVE;
				GCC_WARN_UNUSED_FUNCTION = YES;
				GCC_WARN_UNUSED_VARIABLE = YES;
				IPHONEOS_DEPLOYMENT_TARGET = 13.2;
				MTL_ENABLE_DEBUG_INFO = NO;
				MTL_FAST_MATH = YES;
				SDKROOT = iphoneos;
				SWIFT_COMPILATION_MODE = wholemodule;
				SWIFT_OPTIMIZATION_LEVEL = "-O";
				VALIDATE_PRODUCT = YES;
			};
			name = Release;
		};
		668F59FB240ADDE1001863FB /* Debug */ = {
			isa = XCBuildConfiguration;
			buildSettings = {
				ALWAYS_EMBED_SWIFT_STANDARD_LIBRARIES = YES;
				ASSETCATALOG_COMPILER_APPICON_NAME = AppIcon;
				CODE_SIGN_STYLE = Automatic;
				DEVELOPMENT_ASSET_PATHS = "\"ConfigDemo/Preview Content\"";
				DEVELOPMENT_TEAM = 9ULVT4X4FQ;
				ENABLE_PREVIEWS = YES;
				INFOPLIST_FILE = ConfigDemo/Info.plist;
				LD_RUNPATH_SEARCH_PATHS = (
					"$(inherited)",
					"@executable_path/Frameworks",
				);
				PRODUCT_BUNDLE_IDENTIFIER = com.forsarion.ConfigDemo;
				PRODUCT_NAME = "$(TARGET_NAME)";
				SWIFT_VERSION = 5.0;
				TARGETED_DEVICE_FAMILY = "1,2";
			};
			name = Debug;
		};
		668F59FC240ADDE1001863FB /* Release */ = {
			isa = XCBuildConfiguration;
			buildSettings = {
				ALWAYS_EMBED_SWIFT_STANDARD_LIBRARIES = YES;
				ASSETCATALOG_COMPILER_APPICON_NAME = AppIcon;
				CODE_SIGN_STYLE = Automatic;
				DEVELOPMENT_ASSET_PATHS = "\"ConfigDemo/Preview Content\"";
				DEVELOPMENT_TEAM = 9ULVT4X4FQ;
				ENABLE_PREVIEWS = YES;
				INFOPLIST_FILE = ConfigDemo/Info.plist;
				LD_RUNPATH_SEARCH_PATHS = (
					"$(inherited)",
					"@executable_path/Frameworks",
				);
				PRODUCT_BUNDLE_IDENTIFIER = com.forsarion.ConfigDemo;
				PRODUCT_NAME = "$(TARGET_NAME)";
				SWIFT_VERSION = 5.0;
				TARGETED_DEVICE_FAMILY = "1,2";
			};
			name = Release;
		};
/* End XCBuildConfiguration section */

/* Begin XCConfigurationList section */
		666DBF4F240B7EB200884A37 /* Build configuration list for PBXNativeTarget "Core" */ = {
			isa = XCConfigurationList;
			buildConfigurations = (
				666DBF4D240B7EB200884A37 /* Debug */,
				666DBF4E240B7EB200884A37 /* Release */,
			);
			defaultConfigurationIsVisible = 0;
			defaultConfigurationName = Release;
		};
		668F59E1240ADDDE001863FB /* Build configuration list for PBXProject "ConfigDemo" */ = {
			isa = XCConfigurationList;
			buildConfigurations = (
				668F59F8240ADDE1001863FB /* Debug */,
				668F59F9240ADDE1001863FB /* Release */,
			);
			defaultConfigurationIsVisible = 0;
			defaultConfigurationName = Release;
		};
		668F59FA240ADDE1001863FB /* Build configuration list for PBXNativeTarget "ConfigDemo" */ = {
			isa = XCConfigurationList;
			buildConfigurations = (
				668F59FB240ADDE1001863FB /* Debug */,
				668F59FC240ADDE1001863FB /* Release */,
			);
			defaultConfigurationIsVisible = 0;
			defaultConfigurationName = Release;
		};
/* End XCConfigurationList section */
	};
	rootObject = 668F59DE240ADDDE001863FB /* Project object */;
}
